
Microsoft Visual Studio Solution File, Format Version 12.00
# Visual Studio Version 16
VisualStudioVersion = 16.0.30621.155
MinimumVisualStudioVersion = 10.0.40219.1
Project("{FAE04EC0-301F-11D3-BF4B-00C04F79EFBC}") = "MarsNavigatorRobot.Test", "MarsNavigatorRobot.Test\MarsNavigatorRobot.Test.csproj", "{02909B58-85D0-4095-B999-8076705C1B16}"
EndProject
Project("{FAE04EC0-301F-11D3-BF4B-00C04F79EFBC}") = "MarsNavigatorRobot", "MarsNavigatorRobot\MarsNavigatorRobot.csproj", "{CAD06F16-50C5-4E45-99BC-CA6EF02EB0D2}"
EndProject
Project("{FAE04EC0-301F-11D3-BF4B-00C04F79EFBC}") = "MarsNavigatorRobot.UI", "MarsNavigatorRobot.UI\MarsNavigatorRobot.UI.csproj", "{62FCE66E-0B08-4CDA-8FD7-654FC0356994}"
EndProject
Global
	GlobalSection(SolutionConfigurationPlatforms) = preSolution
		Debug|Any CPU = Debug|Any CPU
		Release|Any CPU = Release|Any CPU
	EndGlobalSection
	GlobalSection(ProjectConfigurationPlatforms) = postSolution
		{02909B58-85D0-4095-B999-8076705C1B16}.Debug|Any CPU.ActiveCfg = Debug|Any CPU
		{02909B58-85D0-4095-B999-8076705C1B16}.Debug|Any CPU.Build.0 = Debug|Any CPU
		{02909B58-85D0-4095-B999-8076705C1B16}.Release|Any CPU.ActiveCfg = Release|Any CPU
		{02909B58-85D0-4095-B999-8076705C1B16}.Release|Any CPU.Build.0 = Release|Any CPU
		{CAD06F16-50C5-4E45-99BC-CA6EF02EB0D2}.Debug|Any CPU.ActiveCfg = Debug|Any CPU
		{CAD06F16-50C5-4E45-99BC-CA6EF02EB0D2}.Debug|Any CPU.Build.0 = Debug|Any CPU
		{CAD06F16-50C5-4E45-99BC-CA6EF02EB0D2}.Release|Any CPU.ActiveCfg = Release|Any CPU
		{CAD06F16-50C5-4E45-99BC-CA6EF02EB0D2}.Release|Any CPU.Build.0 = Release|Any CPU
		{62FCE66E-0B08-4CDA-8FD7-654FC0356994}.Debug|Any CPU.ActiveCfg = Debug|Any CPU
		{62FCE66E-0B08-4CDA-8FD7-654FC0356994}.Debug|Any CPU.Build.0 = Debug|Any CPU
		{62FCE66E-0B08-4CDA-8FD7-654FC0356994}.Release|Any CPU.ActiveCfg = Release|Any CPU
		{62FCE66E-0B08-4CDA-8FD7-654FC0356994}.Release|Any CPU.Build.0 = Release|Any CPU
	EndGlobalSection
	GlobalSection(SolutionProperties) = preSolution
		HideSolutionNode = FALSE
	EndGlobalSection
	GlobalSection(ExtensibilityGlobals) = postSolution
		SolutionGuid = {1871140A-FA0B-4E04-81A4-98849BA91322}
	EndGlobalSection
EndGlobal
